{
  "version": 4,
  "terraform_version": "1.3.3",
  "serial": 4,
  "lineage": "032a6f28-5784-c52b-d77b-2cdd403c392d",
  "outputs": {},
  "resources": [
    {
      "mode": "managed",
      "type": "azurerm_resource_group",
      "name": "newTfWebApp",
      "provider": "provider[\"registry.terraform.io/hashicorp/azurerm\"]",
      "instances": [
        {
          "schema_version": 0,
          "attributes": {
            "id": "/subscriptions/213e51c6-0722-484e-9c29-153a962a0755/resourceGroups/MainWeb",
            "location": "westeurope",
            "name": "MainWeb",
            "tags": null,
            "timeouts": null
          },
          "sensitive_attributes": [],
          "private": "eyJlMmJmYjczMC1lY2FhLTExZTYtOGY4OC0zNDM2M2JjN2M0YzAiOnsiY3JlYXRlIjo1NDAwMDAwMDAwMDAwLCJkZWxldGUiOjU0MDAwMDAwMDAwMDAsInJlYWQiOjMwMDAwMDAwMDAwMCwidXBkYXRlIjo1NDAwMDAwMDAwMDAwfX0="
        }
      ]
    },
    {
      "mode": "managed",
      "type": "azurerm_service_plan",
      "name": "appwebS001",
      "provider": "provider[\"registry.terraform.io/hashicorp/azurerm\"]",
      "instances": [
        {
          "schema_version": 0,
          "attributes": {
            "app_service_environment_id": "",
            "id": "/subscriptions/213e51c6-0722-484e-9c29-153a962a0755/resourceGroups/MainWeb/providers/Microsoft.Web/serverfarms/appwebServ001",
            "kind": "app",
            "location": "westeurope",
            "maximum_elastic_worker_count": 1,
            "name": "appwebServ001",
            "os_type": "Windows",
            "per_site_scaling_enabled": false,
            "reserved": false,
            "resource_group_name": "MainWeb",
            "sku_name": "P1v2",
            "tags": null,
            "timeouts": null,
            "worker_count": 1,
            "zone_balancing_enabled": false
          },
          "sensitive_attributes": [],
          "private": "eyJlMmJmYjczMC1lY2FhLTExZTYtOGY4OC0zNDM2M2JjN2M0YzAiOnsiY3JlYXRlIjozNjAwMDAwMDAwMDAwLCJkZWxldGUiOjM2MDAwMDAwMDAwMDAsInJlYWQiOjMwMDAwMDAwMDAwMCwidXBkYXRlIjozNjAwMDAwMDAwMDAwfX0=",
          "dependencies": [
            "azurerm_resource_group.newTfWebApp"
          ]
        }
      ]
    },
    {
      "mode": "managed",
      "type": "azurerm_windows_web_app",
      "name": "winWebapp001",
      "provider": "provider[\"registry.terraform.io/hashicorp/azurerm\"]",
      "instances": [
        {
          "schema_version": 0,
          "attributes": {
            "app_settings": null,
            "auth_settings": [
              {
                "active_directory": [],
                "additional_login_parameters": {},
                "allowed_external_redirect_urls": [],
                "default_provider": "",
                "enabled": false,
                "facebook": [],
                "github": [],
                "google": [],
                "issuer": "",
                "microsoft": [],
                "runtime_version": "",
                "token_refresh_extension_hours": 0,
                "token_store_enabled": false,
                "twitter": [],
                "unauthenticated_client_action": ""
              }
            ],
            "backup": [],
            "client_affinity_enabled": false,
            "client_certificate_enabled": false,
            "client_certificate_exclusion_paths": "",
            "client_certificate_mode": "Required",
            "connection_string": [],
            "custom_domain_verification_id": "267BAC156DC7C1F3CFBA95C5A0174A8559C1E8349B3545378CFFBC41E1687339",
            "default_hostname": "windwebapp001.azurewebsites.net",
            "enabled": true,
            "https_only": false,
            "id": "/subscriptions/213e51c6-0722-484e-9c29-153a962a0755/resourceGroups/MainWeb/providers/Microsoft.Web/sites/windwebApp001",
            "identity": [],
            "key_vault_reference_identity_id": "SystemAssigned",
            "kind": "app",
            "location": "westeurope",
            "logs": [],
            "name": "windwebApp001",
            "outbound_ip_address_list": [
              "20.4.105.183",
              "20.4.105.195",
              "20.4.105.212",
              "20.4.105.215",
              "20.4.105.230",
              "20.4.105.244",
              "20.105.216.22"
            ],
            "outbound_ip_addresses": "20.4.105.183,20.4.105.195,20.4.105.212,20.4.105.215,20.4.105.230,20.4.105.244,20.105.216.22",
            "possible_outbound_ip_address_list": [
              "20.4.104.255",
              "20.4.105.28",
              "20.4.105.44",
              "20.4.105.47",
              "20.4.105.140",
              "20.4.105.162",
              "20.4.105.183",
              "20.4.105.195",
              "20.4.105.212",
              "20.4.105.215",
              "20.4.105.230",
              "20.4.105.244",
              "20.4.106.3",
              "20.4.106.14",
              "20.4.106.28",
              "20.4.106.36",
              "20.4.106.39",
              "20.4.106.40",
              "20.4.106.43",
              "20.103.239.85",
              "20.4.106.53",
              "20.4.106.58",
              "20.4.106.80",
              "20.4.106.102",
              "20.4.106.106",
              "20.4.106.112",
              "20.23.115.212",
              "20.4.106.119",
              "20.4.106.130",
              "20.4.106.132",
              "20.105.216.22"
            ],
            "possible_outbound_ip_addresses": "20.4.104.255,20.4.105.28,20.4.105.44,20.4.105.47,20.4.105.140,20.4.105.162,20.4.105.183,20.4.105.195,20.4.105.212,20.4.105.215,20.4.105.230,20.4.105.244,20.4.106.3,20.4.106.14,20.4.106.28,20.4.106.36,20.4.106.39,20.4.106.40,20.4.106.43,20.103.239.85,20.4.106.53,20.4.106.58,20.4.106.80,20.4.106.102,20.4.106.106,20.4.106.112,20.23.115.212,20.4.106.119,20.4.106.130,20.4.106.132,20.105.216.22",
            "resource_group_name": "MainWeb",
            "service_plan_id": "/subscriptions/213e51c6-0722-484e-9c29-153a962a0755/resourceGroups/MainWeb/providers/Microsoft.Web/serverfarms/appwebServ001",
            "site_config": [
              {
                "always_on": true,
                "api_definition_url": "",
                "api_management_api_id": "",
                "app_command_line": "",
                "application_stack": [
                  {
                    "current_stack": "",
                    "docker_container_name": "",
                    "docker_container_registry": "",
                    "docker_container_tag": "",
                    "dotnet_version": "v4.0",
                    "java_container": "",
                    "java_container_version": "",
                    "java_version": "",
                    "node_version": "",
                    "php_version": "5.6",
                    "python_version": ""
                  }
                ],
                "auto_heal_enabled": false,
                "auto_heal_setting": [],
                "container_registry_managed_identity_client_id": "",
                "container_registry_use_managed_identity": false,
                "cors": [],
                "default_documents": [
                  "Default.htm",
                  "Default.html",
                  "Default.asp",
                  "index.htm",
                  "index.html",
                  "iisstart.htm",
                  "default.aspx",
                  "index.php",
                  "hostingstart.html"
                ],
                "detailed_error_logging_enabled": false,
                "ftps_state": "Disabled",
                "health_check_eviction_time_in_min": 0,
                "health_check_path": "",
                "http2_enabled": false,
                "ip_restriction": [],
                "linux_fx_version": "",
                "load_balancing_mode": "LeastRequests",
                "local_mysql_enabled": false,
                "managed_pipeline_mode": "Integrated",
                "minimum_tls_version": "1.2",
                "remote_debugging_enabled": false,
                "remote_debugging_version": "VS2019",
                "scm_ip_restriction": [],
                "scm_minimum_tls_version": "1.2",
                "scm_type": "None",
                "scm_use_main_ip_restriction": false,
                "use_32_bit_worker": true,
                "virtual_application": [],
                "vnet_route_all_enabled": false,
                "websockets_enabled": false,
                "windows_fx_version": "",
                "worker_count": 1
              }
            ],
            "site_credential": [
              {
                "name": "$windwebApp001",
                "password": "SzFvwTFtdwD48K4MtXCEterqabYRLDZaQpfQxuikPmwjraqpehl5ZXhLrS5g"
              }
            ],
            "sticky_settings": [],
            "storage_account": [],
            "tags": null,
            "timeouts": null,
            "virtual_network_subnet_id": "",
            "zip_deploy_file": ""
          },
          "sensitive_attributes": [],
          "private": "eyJlMmJmYjczMC1lY2FhLTExZTYtOGY4OC0zNDM2M2JjN2M0YzAiOnsiY3JlYXRlIjoxODAwMDAwMDAwMDAwLCJkZWxldGUiOjE4MDAwMDAwMDAwMDAsInJlYWQiOjMwMDAwMDAwMDAwMCwidXBkYXRlIjoxODAwMDAwMDAwMDAwfX0=",
          "dependencies": [
            "azurerm_resource_group.newTfWebApp",
            "azurerm_service_plan.appwebS001"
          ]
        }
      ]
    }
  ],
  "check_results": []
}
